# This file is automatically @generated by Cargo.
# It is not intended for manual editing.
version = 3

[[package]]
name = "anyhow"
version = "1.0.53"
source = "registry+https://github.com/rust-lang/crates.io-index"
checksum = "94a45b455c14666b85fc40a019e8ab9eb75e3a124e05494f5397122bc9eb06e0"

[[package]]
name = "gain"
version = "0.1.0"
dependencies = [
 "nih_plug",
]

[[package]]
name = "itoa"
version = "1.0.1"
source = "registry+https://github.com/rust-lang/crates.io-index"
checksum = "1aab8fc367588b89dcee83ab0fd66b72b50b72fa1904d7095045ace2b0c81c35"

[[package]]
name = "lazy_static"
version = "1.4.0"
source = "registry+https://github.com/rust-lang/crates.io-index"
checksum = "e2abad23fbc42b3700f2f279844dc832adb2b2eb069b2df918f455c4e18cc646"

[[package]]
name = "nih_plug"
version = "0.1.0"
dependencies = [
 "lazy_static",
 "nih_plug_derive",
 "serde",
 "serde_json",
 "vst3-sys",
 "widestring",
]

[[package]]
name = "nih_plug_derive"
version = "0.1.0"
dependencies = [
 "quote",
 "syn",
]

[[package]]
name = "proc-macro2"
version = "1.0.36"
source = "registry+https://github.com/rust-lang/crates.io-index"
checksum = "c7342d5883fbccae1cc37a2353b09c87c9b0f3afd73f5fb9bba687a1f733b029"
dependencies = [
 "unicode-xid",
]

[[package]]
name = "quote"
version = "1.0.15"
source = "registry+https://github.com/rust-lang/crates.io-index"
checksum = "864d3e96a899863136fc6e99f3d7cae289dafe43bf2c5ac19b70df7210c0a145"
dependencies = [
 "proc-macro2",
]

[[package]]
name = "ryu"
version = "1.0.9"
source = "registry+https://github.com/rust-lang/crates.io-index"
checksum = "73b4b750c782965c211b42f022f59af1fbceabdd026623714f104152f1ec149f"

[[package]]
name = "serde"
version = "1.0.136"
source = "registry+https://github.com/rust-lang/crates.io-index"
checksum = "ce31e24b01e1e524df96f1c2fdd054405f8d7376249a5110886fb4b658484789"
dependencies = [
 "serde_derive",
]

[[package]]
name = "serde_derive"
version = "1.0.136"
source = "registry+https://github.com/rust-lang/crates.io-index"
checksum = "08597e7152fcd306f41838ed3e37be9eaeed2b61c42e2117266a554fab4662f9"
dependencies = [
 "proc-macro2",
 "quote",
 "syn",
]

[[package]]
name = "serde_json"
version = "1.0.78"
source = "registry+https://github.com/rust-lang/crates.io-index"
checksum = "d23c1ba4cf0efd44be32017709280b32d1cea5c3f1275c3b6d9e8bc54f758085"
dependencies = [
 "itoa",
 "ryu",
 "serde",
]

[[package]]
name = "syn"
version = "1.0.86"
source = "registry+https://github.com/rust-lang/crates.io-index"
checksum = "8a65b3f4ffa0092e9887669db0eae07941f023991ab58ea44da8fe8e2d511c6b"
dependencies = [
 "proc-macro2",
 "quote",
 "unicode-xid",
]

[[package]]
name = "unicode-xid"
version = "0.2.2"
source = "registry+https://github.com/rust-lang/crates.io-index"
checksum = "8ccb82d61f80a663efe1f787a51b16b5a51e3314d6ac365b08639f52387b33f3"

[[package]]
name = "vst3-com"
version = "0.1.0"
source = "git+https://github.com/RustAudio/vst3-sys.git#b65de68a7ad22b67e246948baf888ff08b3f31e9"
dependencies = [
 "vst3-com-macros",
]

[[package]]
name = "vst3-com-macros"
version = "0.2.0"
source = "git+https://github.com/RustAudio/vst3-sys.git#b65de68a7ad22b67e246948baf888ff08b3f31e9"
dependencies = [
 "proc-macro2",
 "quote",
 "syn",
 "vst3-com-macros-support",
]

[[package]]
name = "vst3-com-macros-support"
version = "0.2.0"
source = "git+https://github.com/RustAudio/vst3-sys.git#b65de68a7ad22b67e246948baf888ff08b3f31e9"
dependencies = [
 "proc-macro2",
 "quote",
 "syn",
]

[[package]]
name = "vst3-sys"
version = "0.1.0"
source = "git+https://github.com/RustAudio/vst3-sys.git#b65de68a7ad22b67e246948baf888ff08b3f31e9"
dependencies = [
 "vst3-com",
]

[[package]]
name = "widestring"
version = "1.0.0-beta.1"
source = "registry+https://github.com/rust-lang/crates.io-index"
checksum = "e6f1efe828a707edf85994a4501734ac1c1b9d244cfcf4de235f11c4125ace8f"

[[package]]
name = "xtask"
version = "0.1.0"
dependencies = [
 "anyhow",
]
