# This file is automatically @generated by Cargo.
# It is not intended for manual editing.
version = 3

[[package]]
name = "atomic_float"
version = "0.1.0"
source = "registry+https://github.com/rust-lang/crates.io-index"
checksum = "62af46d040ba9df09edc6528dae9d8e49f5f3e82f55b7d2ec31a733c38dbc49d"

[[package]]
name = "nih-plugs"
version = "0.1.0"
dependencies = [
 "atomic_float",
]
