# This file is automatically @generated by Cargo.
# It is not intended for manual editing.
version = 3

[[package]]
name = "gain"
version = "0.1.0"
dependencies = [
 "nih_plug",
]

[[package]]
name = "nih_plug"
version = "0.1.0"
dependencies = [
 "nih_plug_derive",
 "vst3-sys",
]

[[package]]
name = "nih_plug_derive"
version = "0.1.0"
dependencies = [
 "quote",
 "syn",
]

[[package]]
name = "proc-macro2"
version = "1.0.36"
source = "registry+https://github.com/rust-lang/crates.io-index"
checksum = "c7342d5883fbccae1cc37a2353b09c87c9b0f3afd73f5fb9bba687a1f733b029"
dependencies = [
 "unicode-xid",
]

[[package]]
name = "quote"
version = "1.0.15"
source = "registry+https://github.com/rust-lang/crates.io-index"
checksum = "864d3e96a899863136fc6e99f3d7cae289dafe43bf2c5ac19b70df7210c0a145"
dependencies = [
 "proc-macro2",
]

[[package]]
name = "syn"
version = "1.0.86"
source = "registry+https://github.com/rust-lang/crates.io-index"
checksum = "8a65b3f4ffa0092e9887669db0eae07941f023991ab58ea44da8fe8e2d511c6b"
dependencies = [
 "proc-macro2",
 "quote",
 "unicode-xid",
]

[[package]]
name = "unicode-xid"
version = "0.2.2"
source = "registry+https://github.com/rust-lang/crates.io-index"
checksum = "8ccb82d61f80a663efe1f787a51b16b5a51e3314d6ac365b08639f52387b33f3"

[[package]]
name = "vst3-com"
version = "0.1.0"
source = "git+https://github.com/RustAudio/vst3-sys.git#6ab2b43928588cdedcf499eecfc5a022e007dd76"
dependencies = [
 "vst3-com-macros",
]

[[package]]
name = "vst3-com-macros"
version = "0.2.0"
source = "git+https://github.com/RustAudio/vst3-sys.git#6ab2b43928588cdedcf499eecfc5a022e007dd76"
dependencies = [
 "proc-macro2",
 "quote",
 "syn",
 "vst3-com-macros-support",
]

[[package]]
name = "vst3-com-macros-support"
version = "0.2.0"
source = "git+https://github.com/RustAudio/vst3-sys.git#6ab2b43928588cdedcf499eecfc5a022e007dd76"
dependencies = [
 "proc-macro2",
 "quote",
 "syn",
]

[[package]]
name = "vst3-sys"
version = "0.1.0"
source = "git+https://github.com/RustAudio/vst3-sys.git#6ab2b43928588cdedcf499eecfc5a022e007dd76"
dependencies = [
 "vst3-com",
]
